// !$*UTF8*$!
{
	archiveVersion = 1;
	classes = {
	};
	objectVersion = 77;
	objects = {

/* Begin PBXBuildFile section */
		B291BA892DB9779A00C5802E /* Resolver in Frameworks */ = {isa = PBXBuildFile; productRef = B291BA882DB9779A00C5802E /* Resolver */; };
		B291BA8D2DB9779A00C5802E /* Resolver-Static in Frameworks */ = {isa = PBXBuildFile; productRef = B291BA8C2DB9779A00C5802E /* Resolver-Static */; };
		B291BA902DB9784600C5802E /* Resolver in Frameworks */ = {isa = PBXBuildFile; productRef = B291BA8F2DB9784600C5802E /* Resolver */; };
		B291BA942DB9784600C5802E /* Resolver-Static in Frameworks */ = {isa = PBXBuildFile; productRef = B291BA932DB9784600C5802E /* Resolver-Static */; };
		B291BA972DB979E000C5802E /* Resolver in Frameworks */ = {isa = PBXBuildFile; productRef = B291BA962DB979E000C5802E /* Resolver */; };
		B291BA9B2DB979E000C5802E /* Resolver-Static in Frameworks */ = {isa = PBXBuildFile; productRef = B291BA9A2DB979E000C5802E /* Resolver-Static */; };
		B291BABC2DB9877000C5802E /* Kingfisher in Frameworks */ = {isa = PBXBuildFile; productRef = B291BABB2DB9877000C5802E /* Kingfisher */; };
		B291BABE2DB98BC600C5802E /* Kingfisher in Frameworks */ = {isa = PBXBuildFile; productRef = B291BABD2DB98BC600C5802E /* Kingfisher */; };
		B291BAC02DB98BFC00C5802E /* Kingfisher in Frameworks */ = {isa = PBXBuildFile; productRef = B291BABF2DB98BFC00C5802E /* Kingfisher */; };
		B291BAC22DB98C1000C5802E /* Resolver in Frameworks */ = {isa = PBXBuildFile; productRef = B291BAC12DB98C1000C5802E /* Resolver */; };
/* End PBXBuildFile section */

/* Begin PBXContainerItemProxy section */
		B2F91B6A2DB73DC0009AE970 /* PBXContainerItemProxy */ = {
			isa = PBXContainerItemProxy;
			containerPortal = B2F91B532DB73DBE009AE970 /* Project object */;
			proxyType = 1;
			remoteGlobalIDString = B2F91B5A2DB73DBE009AE970;
			remoteInfo = "Cosmo Noticias";
		};
		B2F91B742DB73DC0009AE970 /* PBXContainerItemProxy */ = {
			isa = PBXContainerItemProxy;
			containerPortal = B2F91B532DB73DBE009AE970 /* Project object */;
			proxyType = 1;
			remoteGlobalIDString = B2F91B5A2DB73DBE009AE970;
			remoteInfo = "Cosmo Noticias";
		};
/* End PBXContainerItemProxy section */

/* Begin PBXCopyFilesBuildPhase section */
		B291BAA82DB97D5800C5802E /* Embed Frameworks */ = {
			isa = PBXCopyFilesBuildPhase;
			buildActionMask = 2147483647;
			dstPath = "";
			dstSubfolderSpec = 10;
			files = (
			);
			name = "Embed Frameworks";
			runOnlyForDeploymentPostprocessing = 0;
		};
		B291BAB12DB97D6400C5802E /* Embed Frameworks */ = {
			isa = PBXCopyFilesBuildPhase;
			buildActionMask = 2147483647;
			dstPath = "";
			dstSubfolderSpec = 10;
			files = (
			);
			name = "Embed Frameworks";
			runOnlyForDeploymentPostprocessing = 0;
		};
		B291BAB92DB97D6A00C5802E /* Embed Frameworks */ = {
			isa = PBXCopyFilesBuildPhase;
			buildActionMask = 2147483647;
			dstPath = "";
			dstSubfolderSpec = 10;
			files = (
			);
			name = "Embed Frameworks";
			runOnlyForDeploymentPostprocessing = 0;
		};
/* End PBXCopyFilesBuildPhase section */

/* Begin PBXFileReference section */
		B2F91B5B2DB73DBE009AE970 /* Cosmo Noticias.app */ = {isa = PBXFileReference; explicitFileType = wrapper.application; includeInIndex = 0; path = "Cosmo Noticias.app"; sourceTree = BUILT_PRODUCTS_DIR; };
		B2F91B692DB73DC0009AE970 /* Cosmo NoticiasTests.xctest */ = {isa = PBXFileReference; explicitFileType = wrapper.cfbundle; includeInIndex = 0; path = "Cosmo NoticiasTests.xctest"; sourceTree = BUILT_PRODUCTS_DIR; };
		B2F91B732DB73DC0009AE970 /* Cosmo NoticiasUITests.xctest */ = {isa = PBXFileReference; explicitFileType = wrapper.cfbundle; includeInIndex = 0; path = "Cosmo NoticiasUITests.xctest"; sourceTree = BUILT_PRODUCTS_DIR; };
/* End PBXFileReference section */

/* Begin PBXFileSystemSynchronizedBuildFileExceptionSet section */
		B291BAA12DB97A5C00C5802E /* Exceptions for "DependencyInjection" folder in "Cosmo NoticiasTests" target */ = {
			isa = PBXFileSystemSynchronizedBuildFileExceptionSet;
			membershipExceptions = (
				DIContainer.swift,
			);
			target = B2F91B682DB73DC0009AE970 /* Cosmo NoticiasTests */;
		};
		B291BAA22DB97A5C00C5802E /* Exceptions for "DependencyInjection" folder in "Cosmo NoticiasUITests" target */ = {
			isa = PBXFileSystemSynchronizedBuildFileExceptionSet;
			membershipExceptions = (
				DIContainer.swift,
			);
			target = B2F91B722DB73DC0009AE970 /* Cosmo NoticiasUITests */;
		};
		B2F91BA52DB73FBB009AE970 /* Exceptions for "App" folder in "Cosmo NoticiasTests" target */ = {
			isa = PBXFileSystemSynchronizedBuildFileExceptionSet;
			membershipExceptions = (
				AppCoordinator.swift,
				CosmoNoticiasApp.swift,
			);
			target = B2F91B682DB73DC0009AE970 /* Cosmo NoticiasTests */;
		};
		B2F91BA62DB73FBB009AE970 /* Exceptions for "App" folder in "Cosmo NoticiasUITests" target */ = {
			isa = PBXFileSystemSynchronizedBuildFileExceptionSet;
			membershipExceptions = (
				AppCoordinator.swift,
				CosmoNoticiasApp.swift,
			);
			target = B2F91B722DB73DC0009AE970 /* Cosmo NoticiasUITests */;
		};
		B2F91BC22DB73FF9009AE970 /* Exceptions for "Features" folder in "Cosmo NoticiasTests" target */ = {
			isa = PBXFileSystemSynchronizedBuildFileExceptionSet;
			membershipExceptions = (
				Articles/Model/Article.swift,
				Articles/Model/ArticleListResponse.swift,
				Articles/Networking/APIService.swift,
				Articles/ViewModels/ArticleDetailViewModel.swift,
				Articles/ViewModels/ArticlesListViewModel.swift,
				Articles/Views/ArticleDetailView.swift,
				Articles/Views/ArticleRowView.swift,
				Articles/Views/ArticlesListView.swift,
			);
			target = B2F91B682DB73DC0009AE970 /* Cosmo NoticiasTests */;
		};
		B2F91BC32DB73FF9009AE970 /* Exceptions for "Features" folder in "Cosmo NoticiasUITests" target */ = {
			isa = PBXFileSystemSynchronizedBuildFileExceptionSet;
			membershipExceptions = (
				Articles/Model/Article.swift,
				Articles/Model/ArticleListResponse.swift,
				Articles/Networking/APIService.swift,
				Articles/ViewModels/ArticleDetailViewModel.swift,
				Articles/ViewModels/ArticlesListViewModel.swift,
				Articles/Views/ArticleDetailView.swift,
				Articles/Views/ArticleRowView.swift,
				Articles/Views/ArticlesListView.swift,
			);
			target = B2F91B722DB73DC0009AE970 /* Cosmo NoticiasUITests */;
		};
		B2F91C052DB7413D009AE970 /* Exceptions for "Common" folder in "Cosmo NoticiasTests" target */ = {
			isa = PBXFileSystemSynchronizedBuildFileExceptionSet;
			membershipExceptions = (
				UIComponents/ErrorView.swift,
			);
			target = B2F91B682DB73DC0009AE970 /* Cosmo NoticiasTests */;
		};
		B2F91C062DB7413D009AE970 /* Exceptions for "Common" folder in "Cosmo NoticiasUITests" target */ = {
			isa = PBXFileSystemSynchronizedBuildFileExceptionSet;
			membershipExceptions = (
				UIComponents/ErrorView.swift,
			);
			target = B2F91B722DB73DC0009AE970 /* Cosmo NoticiasUITests */;
		};
/* End PBXFileSystemSynchronizedBuildFileExceptionSet section */

/* Begin PBXFileSystemSynchronizedRootGroup section */
		B291BA9C2DB97A4200C5802E /* DependencyInjection */ = {
			isa = PBXFileSystemSynchronizedRootGroup;
			exceptions = (
				B291BAA12DB97A5C00C5802E /* Exceptions for "DependencyInjection" folder in "Cosmo NoticiasTests" target */,
				B291BAA22DB97A5C00C5802E /* Exceptions for "DependencyInjection" folder in "Cosmo NoticiasUITests" target */,
			);
			path = DependencyInjection;
			sourceTree = "<group>";
		};
		B2F91B6C2DB73DC0009AE970 /* Cosmo NoticiasTests */ = {
			isa = PBXFileSystemSynchronizedRootGroup;
			path = "Cosmo NoticiasTests";
			sourceTree = "<group>";
		};
		B2F91B762DB73DC0009AE970 /* Cosmo NoticiasUITests */ = {
			isa = PBXFileSystemSynchronizedRootGroup;
			path = "Cosmo NoticiasUITests";
			sourceTree = "<group>";
		};
		B2F91BA02DB73FA0009AE970 /* App */ = {
			isa = PBXFileSystemSynchronizedRootGroup;
			exceptions = (
				B2F91BA52DB73FBB009AE970 /* Exceptions for "App" folder in "Cosmo NoticiasTests" target */,
				B2F91BA62DB73FBB009AE970 /* Exceptions for "App" folder in "Cosmo NoticiasUITests" target */,
			);
			path = App;
			sourceTree = "<group>";
		};
		B2F91BB52DB73FF9009AE970 /* Features */ = {
			isa = PBXFileSystemSynchronizedRootGroup;
			exceptions = (
				B2F91BC22DB73FF9009AE970 /* Exceptions for "Features" folder in "Cosmo NoticiasTests" target */,
				B2F91BC32DB73FF9009AE970 /* Exceptions for "Features" folder in "Cosmo NoticiasUITests" target */,
			);
			path = Features;
			sourceTree = "<group>";
		};
		B2F91BFD2DB74104009AE970 /* Common */ = {
			isa = PBXFileSystemSynchronizedRootGroup;
			exceptions = (
				B2F91C052DB7413D009AE970 /* Exceptions for "Common" folder in "Cosmo NoticiasTests" target */,
				B2F91C062DB7413D009AE970 /* Exceptions for "Common" folder in "Cosmo NoticiasUITests" target */,
			);
			path = Common;
			sourceTree = "<group>";
		};
		B2F91C232DB741B0009AE970 /* Resources */ = {
			isa = PBXFileSystemSynchronizedRootGroup;
			path = Resources;
			sourceTree = "<group>";
		};
		B2F91C492DB74863009AE970 /* Cosmo Noticias */ = {
			isa = PBXFileSystemSynchronizedRootGroup;
			path = "Cosmo Noticias";
			sourceTree = "<group>";
		};
/* End PBXFileSystemSynchronizedRootGroup section */

/* Begin PBXFrameworksBuildPhase section */
		B2F91B582DB73DBE009AE970 /* Frameworks */ = {
			isa = PBXFrameworksBuildPhase;
			buildActionMask = 2147483647;
			files = (
				B291BA8D2DB9779A00C5802E /* Resolver-Static in Frameworks */,
				B291BA902DB9784600C5802E /* Resolver in Frameworks */,
				B291BABC2DB9877000C5802E /* Kingfisher in Frameworks */,
				B291BA942DB9784600C5802E /* Resolver-Static in Frameworks */,
				B291BA972DB979E000C5802E /* Resolver in Frameworks */,
				B291BA9B2DB979E000C5802E /* Resolver-Static in Frameworks */,
				B291BA892DB9779A00C5802E /* Resolver in Frameworks */,
			);
			runOnlyForDeploymentPostprocessing = 0;
		};
		B2F91B662DB73DC0009AE970 /* Frameworks */ = {
			isa = PBXFrameworksBuildPhase;
			buildActionMask = 2147483647;
			files = (
				B291BABE2DB98BC600C5802E /* Kingfisher in Frameworks */,
			);
			runOnlyForDeploymentPostprocessing = 0;
		};
		B2F91B702DB73DC0009AE970 /* Frameworks */ = {
			isa = PBXFrameworksBuildPhase;
			buildActionMask = 2147483647;
			files = (
				B291BAC22DB98C1000C5802E /* Resolver in Frameworks */,
				B291BAC02DB98BFC00C5802E /* Kingfisher in Frameworks */,
			);
			runOnlyForDeploymentPostprocessing = 0;
		};
/* End PBXFrameworksBuildPhase section */

/* Begin PBXGroup section */
		B291BAA92DB97D6400C5802E /* Frameworks */ = {
			isa = PBXGroup;
			children = (
			);
			name = Frameworks;
			sourceTree = "<group>";
		};
		B2F91B522DB73DBE009AE970 = {
			isa = PBXGroup;
			children = (
				B291BA9C2DB97A4200C5802E /* DependencyInjection */,
				B2F91C492DB74863009AE970 /* Cosmo Noticias */,
				B2F91C232DB741B0009AE970 /* Resources */,
				B2F91BFD2DB74104009AE970 /* Common */,
				B2F91BA02DB73FA0009AE970 /* App */,
				B2F91BB52DB73FF9009AE970 /* Features */,
				B2F91B6C2DB73DC0009AE970 /* Cosmo NoticiasTests */,
				B2F91B762DB73DC0009AE970 /* Cosmo NoticiasUITests */,
				B291BAA92DB97D6400C5802E /* Frameworks */,
				B2F91B5C2DB73DBE009AE970 /* Products */,
			);
			sourceTree = "<group>";
		};
		B2F91B5C2DB73DBE009AE970 /* Products */ = {
			isa = PBXGroup;
			children = (
				B2F91B5B2DB73DBE009AE970 /* Cosmo Noticias.app */,
				B2F91B692DB73DC0009AE970 /* Cosmo NoticiasTests.xctest */,
				B2F91B732DB73DC0009AE970 /* Cosmo NoticiasUITests.xctest */,
			);
			name = Products;
			sourceTree = "<group>";
		};
/* End PBXGroup section */

/* Begin PBXNativeTarget section */
		B2F91B5A2DB73DBE009AE970 /* Cosmo Noticias */ = {
			isa = PBXNativeTarget;
			buildConfigurationList = B2F91B7D2DB73DC0009AE970 /* Build configuration list for PBXNativeTarget "Cosmo Noticias" */;
			buildPhases = (
				B2F91B572DB73DBE009AE970 /* Sources */,
				B2F91B582DB73DBE009AE970 /* Frameworks */,
				B2F91B592DB73DBE009AE970 /* Resources */,
				B291BAA82DB97D5800C5802E /* Embed Frameworks */,
			);
			buildRules = (
			);
			dependencies = (
			);
			fileSystemSynchronizedGroups = (
				B291BA9C2DB97A4200C5802E /* DependencyInjection */,
				B2F91BA02DB73FA0009AE970 /* App */,
				B2F91BB52DB73FF9009AE970 /* Features */,
				B2F91BFD2DB74104009AE970 /* Common */,
				B2F91C232DB741B0009AE970 /* Resources */,
				B2F91C492DB74863009AE970 /* Cosmo Noticias */,
			);
			name = "Cosmo Noticias";
			packageProductDependencies = (
				B291BA882DB9779A00C5802E /* Resolver */,
				B291BA8C2DB9779A00C5802E /* Resolver-Static */,
				B291BA8F2DB9784600C5802E /* Resolver */,
				B291BA932DB9784600C5802E /* Resolver-Static */,
				B291BA962DB979E000C5802E /* Resolver */,
				B291BA9A2DB979E000C5802E /* Resolver-Static */,
				B291BABB2DB9877000C5802E /* Kingfisher */,
			);
			productName = "Cosmo Noticias";
			productReference = B2F91B5B2DB73DBE009AE970 /* Cosmo Noticias.app */;
			productType = "com.apple.product-type.application";
		};
		B2F91B682DB73DC0009AE970 /* Cosmo NoticiasTests */ = {
			isa = PBXNativeTarget;
			buildConfigurationList = B2F91B802DB73DC0009AE970 /* Build configuration list for PBXNativeTarget "Cosmo NoticiasTests" */;
			buildPhases = (
				B2F91B652DB73DC0009AE970 /* Sources */,
				B2F91B662DB73DC0009AE970 /* Frameworks */,
				B2F91B672DB73DC0009AE970 /* Resources */,
				B291BAB12DB97D6400C5802E /* Embed Frameworks */,
			);
			buildRules = (
			);
			dependencies = (
				B2F91B6B2DB73DC0009AE970 /* PBXTargetDependency */,
			);
			fileSystemSynchronizedGroups = (
				B2F91B6C2DB73DC0009AE970 /* Cosmo NoticiasTests */,
			);
			name = "Cosmo NoticiasTests";
			packageProductDependencies = (
				B291BABD2DB98BC600C5802E /* Kingfisher */,
			);
			productName = "Cosmo NoticiasTests";
			productReference = B2F91B692DB73DC0009AE970 /* Cosmo NoticiasTests.xctest */;
			productType = "com.apple.product-type.bundle.unit-test";
		};
		B2F91B722DB73DC0009AE970 /* Cosmo NoticiasUITests */ = {
			isa = PBXNativeTarget;
			buildConfigurationList = B2F91B832DB73DC0009AE970 /* Build configuration list for PBXNativeTarget "Cosmo NoticiasUITests" */;
			buildPhases = (
				B2F91B6F2DB73DC0009AE970 /* Sources */,
				B2F91B702DB73DC0009AE970 /* Frameworks */,
				B2F91B712DB73DC0009AE970 /* Resources */,
				B291BAB92DB97D6A00C5802E /* Embed Frameworks */,
			);
			buildRules = (
			);
			dependencies = (
				B2F91B752DB73DC0009AE970 /* PBXTargetDependency */,
			);
			fileSystemSynchronizedGroups = (
				B2F91B762DB73DC0009AE970 /* Cosmo NoticiasUITests */,
			);
			name = "Cosmo NoticiasUITests";
			packageProductDependencies = (
				B291BABF2DB98BFC00C5802E /* Kingfisher */,
				B291BAC12DB98C1000C5802E /* Resolver */,
			);
			productName = "Cosmo NoticiasUITests";
			productReference = B2F91B732DB73DC0009AE970 /* Cosmo NoticiasUITests.xctest */;
			productType = "com.apple.product-type.bundle.ui-testing";
		};
/* End PBXNativeTarget section */

/* Begin PBXProject section */
		B2F91B532DB73DBE009AE970 /* Project object */ = {
			isa = PBXProject;
			attributes = {
				BuildIndependentTargetsInParallel = 1;
				LastSwiftUpdateCheck = 1630;
				LastUpgradeCheck = 1630;
				TargetAttributes = {
					B2F91B5A2DB73DBE009AE970 = {
						CreatedOnToolsVersion = 16.3;
					};
					B2F91B682DB73DC0009AE970 = {
						CreatedOnToolsVersion = 16.3;
						TestTargetID = B2F91B5A2DB73DBE009AE970;
					};
					B2F91B722DB73DC0009AE970 = {
						CreatedOnToolsVersion = 16.3;
						TestTargetID = B2F91B5A2DB73DBE009AE970;
					};
				};
			};
			buildConfigurationList = B2F91B562DB73DBE009AE970 /* Build configuration list for PBXProject "Cosmo Noticias" */;
			developmentRegion = en;
			hasScannedForEncodings = 0;
			knownRegions = (
				en,
				Base,
			);
			mainGroup = B2F91B522DB73DBE009AE970;
			minimizedProjectReferenceProxies = 1;
			packageReferences = (
				B291BA952DB979E000C5802E /* XCRemoteSwiftPackageReference "Resolver" */,
				B291BABA2DB9877000C5802E /* XCRemoteSwiftPackageReference "Kingfisher" */,
			);
			preferredProjectObjectVersion = 77;
			productRefGroup = B2F91B5C2DB73DBE009AE970 /* Products */;
			projectDirPath = "";
			projectRoot = "";
			targets = (
				B2F91B5A2DB73DBE009AE970 /* Cosmo Noticias */,
				B2F91B682DB73DC0009AE970 /* Cosmo NoticiasTests */,
				B2F91B722DB73DC0009AE970 /* Cosmo NoticiasUITests */,
			);
		};
/* End PBXProject section */

/* Begin PBXResourcesBuildPhase section */
		B2F91B592DB73DBE009AE970 /* Resources */ = {
			isa = PBXResourcesBuildPhase;
			buildActionMask = 2147483647;
			files = (
			);
			runOnlyForDeploymentPostprocessing = 0;
		};
		B2F91B672DB73DC0009AE970 /* Resources */ = {
			isa = PBXResourcesBuildPhase;
			buildActionMask = 2147483647;
			files = (
			);
			runOnlyForDeploymentPostprocessing = 0;
		};
		B2F91B712DB73DC0009AE970 /* Resources */ = {
			isa = PBXResourcesBuildPhase;
			buildActionMask = 2147483647;
			files = (
			);
			runOnlyForDeploymentPostprocessing = 0;
		};
/* End PBXResourcesBuildPhase section */

/* Begin PBXSourcesBuildPhase section */
		B2F91B572DB73DBE009AE970 /* Sources */ = {
			isa = PBXSourcesBuildPhase;
			buildActionMask = 2147483647;
			files = (
			);
			runOnlyForDeploymentPostprocessing = 0;
		};
		B2F91B652DB73DC0009AE970 /* Sources */ = {
			isa = PBXSourcesBuildPhase;
			buildActionMask = 2147483647;
			files = (
			);
			runOnlyForDeploymentPostprocessing = 0;
		};
		B2F91B6F2DB73DC0009AE970 /* Sources */ = {
			isa = PBXSourcesBuildPhase;
			buildActionMask = 2147483647;
			files = (
			);
			runOnlyForDeploymentPostprocessing = 0;
		};
/* End PBXSourcesBuildPhase section */

/* Begin PBXTargetDependency section */
		B2F91B6B2DB73DC0009AE970 /* PBXTargetDependency */ = {
			isa = PBXTargetDependency;
			target = B2F91B5A2DB73DBE009AE970 /* Cosmo Noticias */;
			targetProxy = B2F91B6A2DB73DC0009AE970 /* PBXContainerItemProxy */;
		};
		B2F91B752DB73DC0009AE970 /* PBXTargetDependency */ = {
			isa = PBXTargetDependency;
			target = B2F91B5A2DB73DBE009AE970 /* Cosmo Noticias */;
			targetProxy = B2F91B742DB73DC0009AE970 /* PBXContainerItemProxy */;
		};
/* End PBXTargetDependency section */

/* Begin XCBuildConfiguration section */
		B2F91B7B2DB73DC0009AE970 /* Debug */ = {
			isa = XCBuildConfiguration;
			buildSettings = {
				ALWAYS_SEARCH_USER_PATHS = NO;
				ASSETCATALOG_COMPILER_GENERATE_SWIFT_ASSET_SYMBOL_EXTENSIONS = YES;
				CLANG_ANALYZER_NONNULL = YES;
				CLANG_ANALYZER_NUMBER_OBJECT_CONVERSION = YES_AGGRESSIVE;
				CLANG_CXX_LANGUAGE_STANDARD = "gnu++20";
				CLANG_ENABLE_MODULES = YES;
				CLANG_ENABLE_OBJC_ARC = YES;
				CLANG_ENABLE_OBJC_WEAK = YES;
				CLANG_WARN_BLOCK_CAPTURE_AUTORELEASING = YES;
				CLANG_WARN_BOOL_CONVERSION = YES;
				CLANG_WARN_COMMA = YES;
				CLANG_WARN_CONSTANT_CONVERSION = YES;
				CLANG_WARN_DEPRECATED_OBJC_IMPLEMENTATIONS = YES;
				CLANG_WARN_DIRECT_OBJC_ISA_USAGE = YES_ERROR;
				CLANG_WARN_DOCUMENTATION_COMMENTS = YES;
				CLANG_WARN_EMPTY_BODY = YES;
				CLANG_WARN_ENUM_CONVERSION = YES;
				CLANG_WARN_INFINITE_RECURSION = YES;
				CLANG_WARN_INT_CONVERSION = YES;
				CLANG_WARN_NON_LITERAL_NULL_CONVERSION = YES;
				CLANG_WARN_OBJC_IMPLICIT_RETAIN_SELF = YES;
				CLANG_WARN_OBJC_LITERAL_CONVERSION = YES;
				CLANG_WARN_OBJC_ROOT_CLASS = YES_ERROR;
				CLANG_WARN_QUOTED_INCLUDE_IN_FRAMEWORK_HEADER = YES;
				CLANG_WARN_RANGE_LOOP_ANALYSIS = YES;
				CLANG_WARN_STRICT_PROTOTYPES = YES;
				CLANG_WARN_SUSPICIOUS_MOVE = YES;
				CLANG_WARN_UNGUARDED_AVAILABILITY = YES_AGGRESSIVE;
				CLANG_WARN_UNREACHABLE_CODE = YES;
				CLANG_WARN__DUPLICATE_METHOD_MATCH = YES;
				COPY_PHASE_STRIP = NO;
				DEBUG_INFORMATION_FORMAT = dwarf;
				DEVELOPMENT_TEAM = 9243KQ6ZZ7;
				ENABLE_STRICT_OBJC_MSGSEND = YES;
				ENABLE_TESTABILITY = YES;
				ENABLE_USER_SCRIPT_SANDBOXING = YES;
				GCC_C_LANGUAGE_STANDARD = gnu17;
				GCC_DYNAMIC_NO_PIC = NO;
				GCC_NO_COMMON_BLOCKS = YES;
				GCC_OPTIMIZATION_LEVEL = 0;
				GCC_PREPROCESSOR_DEFINITIONS = (
					"DEBUG=1",
					"$(inherited)",
				);
				GCC_WARN_64_TO_32_BIT_CONVERSION = YES;
				GCC_WARN_ABOUT_RETURN_TYPE = YES_ERROR;
				GCC_WARN_UNDECLARED_SELECTOR = YES;
				GCC_WARN_UNINITIALIZED_AUTOS = YES_AGGRESSIVE;
				GCC_WARN_UNUSED_FUNCTION = YES;
				GCC_WARN_UNUSED_VARIABLE = YES;
				LOCALIZATION_PREFERS_STRING_CATALOGS = YES;
				MTL_ENABLE_DEBUG_INFO = INCLUDE_SOURCE;
				MTL_FAST_MATH = YES;
				ONLY_ACTIVE_ARCH = YES;
				SWIFT_ACTIVE_COMPILATION_CONDITIONS = "DEBUG $(inherited)";
				SWIFT_OPTIMIZATION_LEVEL = "-Onone";
			};
			name = Debug;
		};
		B2F91B7C2DB73DC0009AE970 /* Release */ = {
			isa = XCBuildConfiguration;
			buildSettings = {
				ALWAYS_SEARCH_USER_PATHS = NO;
				ASSETCATALOG_COMPILER_GENERATE_SWIFT_ASSET_SYMBOL_EXTENSIONS = YES;
				CLANG_ANALYZER_NONNULL = YES;
				CLANG_ANALYZER_NUMBER_OBJECT_CONVERSION = YES_AGGRESSIVE;
				CLANG_CXX_LANGUAGE_STANDARD = "gnu++20";
				CLANG_ENABLE_MODULES = YES;
				CLANG_ENABLE_OBJC_ARC = YES;
				CLANG_ENABLE_OBJC_WEAK = YES;
				CLANG_WARN_BLOCK_CAPTURE_AUTORELEASING = YES;
				CLANG_WARN_BOOL_CONVERSION = YES;
				CLANG_WARN_COMMA = YES;
				CLANG_WARN_CONSTANT_CONVERSION = YES;
				CLANG_WARN_DEPRECATED_OBJC_IMPLEMENTATIONS = YES;
				CLANG_WARN_DIRECT_OBJC_ISA_USAGE = YES_ERROR;
				CLANG_WARN_DOCUMENTATION_COMMENTS = YES;
				CLANG_WARN_EMPTY_BODY = YES;
				CLANG_WARN_ENUM_CONVERSION = YES;
				CLANG_WARN_INFINITE_RECURSION = YES;
				CLANG_WARN_INT_CONVERSION = YES;
				CLANG_WARN_NON_LITERAL_NULL_CONVERSION = YES;
				CLANG_WARN_OBJC_IMPLICIT_RETAIN_SELF = YES;
				CLANG_WARN_OBJC_LITERAL_CONVERSION = YES;
				CLANG_WARN_OBJC_ROOT_CLASS = YES_ERROR;
				CLANG_WARN_QUOTED_INCLUDE_IN_FRAMEWORK_HEADER = YES;
				CLANG_WARN_RANGE_LOOP_ANALYSIS = YES;
				CLANG_WARN_STRICT_PROTOTYPES = YES;
				CLANG_WARN_SUSPICIOUS_MOVE = YES;
				CLANG_WARN_UNGUARDED_AVAILABILITY = YES_AGGRESSIVE;
				CLANG_WARN_UNREACHABLE_CODE = YES;
				CLANG_WARN__DUPLICATE_METHOD_MATCH = YES;
				COPY_PHASE_STRIP = NO;
				DEBUG_INFORMATION_FORMAT = "dwarf-with-dsym";
				DEVELOPMENT_TEAM = 9243KQ6ZZ7;
				ENABLE_NS_ASSERTIONS = NO;
				ENABLE_STRICT_OBJC_MSGSEND = YES;
				ENABLE_USER_SCRIPT_SANDBOXING = YES;
				GCC_C_LANGUAGE_STANDARD = gnu17;
				GCC_NO_COMMON_BLOCKS = YES;
				GCC_WARN_64_TO_32_BIT_CONVERSION = YES;
				GCC_WARN_ABOUT_RETURN_TYPE = YES_ERROR;
				GCC_WARN_UNDECLARED_SELECTOR = YES;
				GCC_WARN_UNINITIALIZED_AUTOS = YES_AGGRESSIVE;
				GCC_WARN_UNUSED_FUNCTION = YES;
				GCC_WARN_UNUSED_VARIABLE = YES;
				LOCALIZATION_PREFERS_STRING_CATALOGS = YES;
				MTL_ENABLE_DEBUG_INFO = NO;
				MTL_FAST_MATH = YES;
				SWIFT_COMPILATION_MODE = wholemodule;
			};
			name = Release;
		};
		B2F91B7E2DB73DC0009AE970 /* Debug */ = {
			isa = XCBuildConfiguration;
			buildSettings = {
				ASSETCATALOG_COMPILER_APPICON_NAME = AppIcon;
				ASSETCATALOG_COMPILER_GLOBAL_ACCENT_COLOR_NAME = AccentColor;
				CODE_SIGN_ENTITLEMENTS = "Cosmo Noticias/Cosmo_Noticias.entitlements";
				CODE_SIGN_STYLE = Automatic;
				CURRENT_PROJECT_VERSION = 1;
				DEVELOPMENT_TEAM = 9243KQ6ZZ7;
				ENABLE_HARDENED_RUNTIME = YES;
				ENABLE_PREVIEWS = YES;
				GENERATE_INFOPLIST_FILE = YES;
				INFOPLIST_KEY_LSApplicationCategoryType = "public.app-category.entertainment";
				"INFOPLIST_KEY_UIApplicationSceneManifest_Generation[sdk=iphoneos*]" = YES;
				"INFOPLIST_KEY_UIApplicationSceneManifest_Generation[sdk=iphonesimulator*]" = YES;
				"INFOPLIST_KEY_UIApplicationSupportsIndirectInputEvents[sdk=iphoneos*]" = YES;
				"INFOPLIST_KEY_UIApplicationSupportsIndirectInputEvents[sdk=iphonesimulator*]" = YES;
				"INFOPLIST_KEY_UILaunchScreen_Generation[sdk=iphoneos*]" = YES;
				"INFOPLIST_KEY_UILaunchScreen_Generation[sdk=iphonesimulator*]" = YES;
				"INFOPLIST_KEY_UIStatusBarStyle[sdk=iphoneos*]" = UIStatusBarStyleDefault;
				"INFOPLIST_KEY_UIStatusBarStyle[sdk=iphonesimulator*]" = UIStatusBarStyleDefault;
				INFOPLIST_KEY_UISupportedInterfaceOrientations_iPad = "UIInterfaceOrientationPortrait UIInterfaceOrientationPortraitUpsideDown UIInterfaceOrientationLandscapeLeft UIInterfaceOrientationLandscapeRight";
				INFOPLIST_KEY_UISupportedInterfaceOrientations_iPhone = "UIInterfaceOrientationPortrait UIInterfaceOrientationLandscapeLeft UIInterfaceOrientationLandscapeRight";
				IPHONEOS_DEPLOYMENT_TARGET = 18.4;
				LD_RUNPATH_SEARCH_PATHS = "@executable_path/Frameworks";
				"LD_RUNPATH_SEARCH_PATHS[sdk=macosx*]" = "@executable_path/../Frameworks";
				MACOSX_DEPLOYMENT_TARGET = 15.4;
				MARKETING_VERSION = 1.0;
				PRODUCT_BUNDLE_IDENTIFIER = com.williamoviedo.cosmonoticias;
				PRODUCT_NAME = "$(TARGET_NAME)";
				REGISTER_APP_GROUPS = YES;
				SDKROOT = auto;
				SUPPORTED_PLATFORMS = "iphoneos iphonesimulator macosx xros xrsimulator";
				SWIFT_EMIT_LOC_STRINGS = YES;
				SWIFT_VERSION = 5.0;
				TARGETED_DEVICE_FAMILY = "1,2,7";
				XROS_DEPLOYMENT_TARGET = 2.4;
			};
			name = Debug;
		};
		B2F91B7F2DB73DC0009AE970 /* Release */ = {
			isa = XCBuildConfiguration;
			buildSettings = {
				ASSETCATALOG_COMPILER_APPICON_NAME = AppIcon;
				ASSETCATALOG_COMPILER_GLOBAL_ACCENT_COLOR_NAME = AccentColor;
				CODE_SIGN_ENTITLEMENTS = "Cosmo Noticias/Cosmo_Noticias.entitlements";
				CODE_SIGN_STYLE = Automatic;
				CURRENT_PROJECT_VERSION = 1;
				DEVELOPMENT_TEAM = 9243KQ6ZZ7;
				ENABLE_HARDENED_RUNTIME = YES;
				ENABLE_PREVIEWS = YES;
				GENERATE_INFOPLIST_FILE = YES;
				INFOPLIST_KEY_LSApplicationCategoryType = "public.app-category.entertainment";
				"INFOPLIST_KEY_UIApplicationSceneManifest_Generation[sdk=iphoneos*]" = YES;
				"INFOPLIST_KEY_UIApplicationSceneManifest_Generation[sdk=iphonesimulator*]" = YES;
				"INFOPLIST_KEY_UIApplicationSupportsIndirectInputEvents[sdk=iphoneos*]" = YES;
				"INFOPLIST_KEY_UIApplicationSupportsIndirectInputEvents[sdk=iphonesimulator*]" = YES;
				"INFOPLIST_KEY_UILaunchScreen_Generation[sdk=iphoneos*]" = YES;
				"INFOPLIST_KEY_UILaunchScreen_Generation[sdk=iphonesimulator*]" = YES;
				"INFOPLIST_KEY_UIStatusBarStyle[sdk=iphoneos*]" = UIStatusBarStyleDefault;
				"INFOPLIST_KEY_UIStatusBarStyle[sdk=iphonesimulator*]" = UIStatusBarStyleDefault;
				INFOPLIST_KEY_UISupportedInterfaceOrientations_iPad = "UIInterfaceOrientationPortrait UIInterfaceOrientationPortraitUpsideDown UIInterfaceOrientationLandscapeLeft UIInterfaceOrientationLandscapeRight";
				INFOPLIST_KEY_UISupportedInterfaceOrientations_iPhone = "UIInterfaceOrientationPortrait UIInterfaceOrientationLandscapeLeft UIInterfaceOrientationLandscapeRight";
				IPHONEOS_DEPLOYMENT_TARGET = 18.4;
				LD_RUNPATH_SEARCH_PATHS = "@executable_path/Frameworks";
				"LD_RUNPATH_SEARCH_PATHS[sdk=macosx*]" = "@executable_path/../Frameworks";
				MACOSX_DEPLOYMENT_TARGET = 15.4;
				MARKETING_VERSION = 1.0;
				PRODUCT_BUNDLE_IDENTIFIER = com.williamoviedo.cosmonoticias;
				PRODUCT_NAME = "$(TARGET_NAME)";
				REGISTER_APP_GROUPS = YES;
				SDKROOT = auto;
				SUPPORTED_PLATFORMS = "iphoneos iphonesimulator macosx xros xrsimulator";
				SWIFT_EMIT_LOC_STRINGS = YES;
				SWIFT_VERSION = 5.0;
				TARGETED_DEVICE_FAMILY = "1,2,7";
				XROS_DEPLOYMENT_TARGET = 2.4;
			};
			name = Release;
		};
		B2F91B812DB73DC0009AE970 /* Debug */ = {
			isa = XCBuildConfiguration;
			buildSettings = {
				BUNDLE_LOADER = "$(TEST_HOST)";
				CODE_SIGN_STYLE = Automatic;
				CURRENT_PROJECT_VERSION = 1;
				DEVELOPMENT_TEAM = 9243KQ6ZZ7;
				GENERATE_INFOPLIST_FILE = YES;
				IPHONEOS_DEPLOYMENT_TARGET = 18.4;
				MACOSX_DEPLOYMENT_TARGET = 15.4;
				MARKETING_VERSION = 1.0;
				PRODUCT_BUNDLE_IDENTIFIER = "com.williamoviedo.cosmo.Cosmo-NoticiasTests";
				PRODUCT_NAME = "$(TARGET_NAME)";
				SDKROOT = auto;
				SUPPORTED_PLATFORMS = "iphoneos iphonesimulator macosx xros xrsimulator";
				SWIFT_EMIT_LOC_STRINGS = NO;
				SWIFT_VERSION = 5.0;
				TARGETED_DEVICE_FAMILY = "1,2,7";
				TEST_HOST = "$(BUILT_PRODUCTS_DIR)/Cosmo Noticias.app/$(BUNDLE_EXECUTABLE_FOLDER_PATH)/Cosmo Noticias";
				XROS_DEPLOYMENT_TARGET = 2.4;
			};
			name = Debug;
		};
		B2F91B822DB73DC0009AE970 /* Release */ = {
			isa = XCBuildConfiguration;
			buildSettings = {
				BUNDLE_LOADER = "$(TEST_HOST)";
				CODE_SIGN_STYLE = Automatic;
				CURRENT_PROJECT_VERSION = 1;
				DEVELOPMENT_TEAM = 9243KQ6ZZ7;
				GENERATE_INFOPLIST_FILE = YES;
				IPHONEOS_DEPLOYMENT_TARGET = 18.4;
				MACOSX_DEPLOYMENT_TARGET = 15.4;
				MARKETING_VERSION = 1.0;
				PRODUCT_BUNDLE_IDENTIFIER = "com.williamoviedo.cosmo.Cosmo-NoticiasTests";
				PRODUCT_NAME = "$(TARGET_NAME)";
				SDKROOT = auto;
				SUPPORTED_PLATFORMS = "iphoneos iphonesimulator macosx xros xrsimulator";
				SWIFT_EMIT_LOC_STRINGS = NO;
				SWIFT_VERSION = 5.0;
				TARGETED_DEVICE_FAMILY = "1,2,7";
				TEST_HOST = "$(BUILT_PRODUCTS_DIR)/Cosmo Noticias.app/$(BUNDLE_EXECUTABLE_FOLDER_PATH)/Cosmo Noticias";
				XROS_DEPLOYMENT_TARGET = 2.4;
			};
			name = Release;
		};
		B2F91B842DB73DC0009AE970 /* Debug */ = {
			isa = XCBuildConfiguration;
			buildSettings = {
				CODE_SIGN_STYLE = Automatic;
				CURRENT_PROJECT_VERSION = 1;
				DEVELOPMENT_TEAM = 9243KQ6ZZ7;
				GENERATE_INFOPLIST_FILE = YES;
				IPHONEOS_DEPLOYMENT_TARGET = 18.4;
				MACOSX_DEPLOYMENT_TARGET = 15.4;
				MARKETING_VERSION = 1.0;
				PRODUCT_BUNDLE_IDENTIFIER = "com.williamoviedo.cosmo.Cosmo-NoticiasUITests";
				PRODUCT_NAME = "$(TARGET_NAME)";
				SDKROOT = auto;
				SUPPORTED_PLATFORMS = "iphoneos iphonesimulator macosx xros xrsimulator";
				SWIFT_EMIT_LOC_STRINGS = NO;
				SWIFT_VERSION = 5.0;
				TARGETED_DEVICE_FAMILY = "1,2,7";
				TEST_TARGET_NAME = "Cosmo Noticias";
				XROS_DEPLOYMENT_TARGET = 2.4;
			};
			name = Debug;
		};
		B2F91B852DB73DC0009AE970 /* Release */ = {
			isa = XCBuildConfiguration;
			buildSettings = {
				CODE_SIGN_STYLE = Automatic;
				CURRENT_PROJECT_VERSION = 1;
				DEVELOPMENT_TEAM = 9243KQ6ZZ7;
				GENERATE_INFOPLIST_FILE = YES;
				IPHONEOS_DEPLOYMENT_TARGET = 18.4;
				MACOSX_DEPLOYMENT_TARGET = 15.4;
				MARKETING_VERSION = 1.0;
				PRODUCT_BUNDLE_IDENTIFIER = "com.williamoviedo.cosmo.Cosmo-NoticiasUITests";
				PRODUCT_NAME = "$(TARGET_NAME)";
				SDKROOT = auto;
				SUPPORTED_PLATFORMS = "iphoneos iphonesimulator macosx xros xrsimulator";
				SWIFT_EMIT_LOC_STRINGS = NO;
				SWIFT_VERSION = 5.0;
				TARGETED_DEVICE_FAMILY = "1,2,7";
				TEST_TARGET_NAME = "Cosmo Noticias";
				XROS_DEPLOYMENT_TARGET = 2.4;
			};
			name = Release;
		};
/* End XCBuildConfiguration section */

/* Begin XCConfigurationList section */
		B2F91B562DB73DBE009AE970 /* Build configuration list for PBXProject "Cosmo Noticias" */ = {
			isa = XCConfigurationList;
			buildConfigurations = (
				B2F91B7B2DB73DC0009AE970 /* Debug */,
				B2F91B7C2DB73DC0009AE970 /* Release */,
			);
			defaultConfigurationIsVisible = 0;
			defaultConfigurationName = Release;
		};
		B2F91B7D2DB73DC0009AE970 /* Build configuration list for PBXNativeTarget "Cosmo Noticias" */ = {
			isa = XCConfigurationList;
			buildConfigurations = (
				B2F91B7E2DB73DC0009AE970 /* Debug */,
				B2F91B7F2DB73DC0009AE970 /* Release */,
			);
			defaultConfigurationIsVisible = 0;
			defaultConfigurationName = Release;
		};
		B2F91B802DB73DC0009AE970 /* Build configuration list for PBXNativeTarget "Cosmo NoticiasTests" */ = {
			isa = XCConfigurationList;
			buildConfigurations = (
				B2F91B812DB73DC0009AE970 /* Debug */,
				B2F91B822DB73DC0009AE970 /* Release */,
			);
			defaultConfigurationIsVisible = 0;
			defaultConfigurationName = Release;
		};
		B2F91B832DB73DC0009AE970 /* Build configuration list for PBXNativeTarget "Cosmo NoticiasUITests" */ = {
			isa = XCConfigurationList;
			buildConfigurations = (
				B2F91B842DB73DC0009AE970 /* Debug */,
				B2F91B852DB73DC0009AE970 /* Release */,
			);
			defaultConfigurationIsVisible = 0;
			defaultConfigurationName = Release;
		};
/* End XCConfigurationList section */

/* Begin XCRemoteSwiftPackageReference section */
		B291BA952DB979E000C5802E /* XCRemoteSwiftPackageReference "Resolver" */ = {
			isa = XCRemoteSwiftPackageReference;
			repositoryURL = "https://github.com/hmlongco/Resolver";
			requirement = {
				kind = exactVersion;
				version = 1.5.1;
			};
		};
		B291BABA2DB9877000C5802E /* XCRemoteSwiftPackageReference "Kingfisher" */ = {
			isa = XCRemoteSwiftPackageReference;
			repositoryURL = "https://github.com/onevcat/Kingfisher";
			requirement = {
				kind = exactVersion;
				version = 8.3.2;
			};
		};
/* End XCRemoteSwiftPackageReference section */

/* Begin XCSwiftPackageProductDependency section */
		B291BA882DB9779A00C5802E /* Resolver */ = {
			isa = XCSwiftPackageProductDependency;
			productName = Resolver;
		};
		B291BA8C2DB9779A00C5802E /* Resolver-Static */ = {
			isa = XCSwiftPackageProductDependency;
			productName = "Resolver-Static";
		};
		B291BA8F2DB9784600C5802E /* Resolver */ = {
			isa = XCSwiftPackageProductDependency;
			productName = Resolver;
		};
		B291BA932DB9784600C5802E /* Resolver-Static */ = {
			isa = XCSwiftPackageProductDependency;
			productName = "Resolver-Static";
		};
		B291BA962DB979E000C5802E /* Resolver */ = {
			isa = XCSwiftPackageProductDependency;
			package = B291BA952DB979E000C5802E /* XCRemoteSwiftPackageReference "Resolver" */;
			productName = Resolver;
		};
		B291BA9A2DB979E000C5802E /* Resolver-Static */ = {
			isa = XCSwiftPackageProductDependency;
			package = B291BA952DB979E000C5802E /* XCRemoteSwiftPackageReference "Resolver" */;
			productName = "Resolver-Static";
		};
		B291BABB2DB9877000C5802E /* Kingfisher */ = {
			isa = XCSwiftPackageProductDependency;
			package = B291BABA2DB9877000C5802E /* XCRemoteSwiftPackageReference "Kingfisher" */;
			productName = Kingfisher;
		};
		B291BABD2DB98BC600C5802E /* Kingfisher */ = {
			isa = XCSwiftPackageProductDependency;
			package = B291BABA2DB9877000C5802E /* XCRemoteSwiftPackageReference "Kingfisher" */;
			productName = Kingfisher;
		};
		B291BABF2DB98BFC00C5802E /* Kingfisher */ = {
			isa = XCSwiftPackageProductDependency;
			package = B291BABA2DB9877000C5802E /* XCRemoteSwiftPackageReference "Kingfisher" */;
			productName = Kingfisher;
		};
		B291BAC12DB98C1000C5802E /* Resolver */ = {
			isa = XCSwiftPackageProductDependency;
			package = B291BA952DB979E000C5802E /* XCRemoteSwiftPackageReference "Resolver" */;
			productName = Resolver;
		};
/* End XCSwiftPackageProductDependency section */
	};
	rootObject = B2F91B532DB73DBE009AE970 /* Project object */;
}
